
Microsoft Visual Studio Solution File, Format Version 12.00
# Visual Studio Version 17
VisualStudioVersion = 17.14.36511.14 d17.14
MinimumVisualStudioVersion = 10.0.40219.1
Project("{FAE04EC0-301F-11D3-BF4B-00C04F79EFBC}") = "ContosoUniversity", "ContosoUniversity\ContosoUniversity.csproj", "{9C275AC4-D269-48BA-BDFD-95C32020B1DD}"
EndProject
Global
	GlobalSection(SolutionConfigurationPlatforms) = preSolution
		Debug|Any CPU = Debug|Any CPU
		Release|Any CPU = Release|Any CPU
	EndGlobalSection
	GlobalSection(ProjectConfigurationPlatforms) = postSolution
		{9C275AC4-D269-48BA-BDFD-95C32020B1DD}.Debug|Any CPU.ActiveCfg = Debug|Any CPU
		{9C275AC4-D269-48BA-BDFD-95C32020B1DD}.Debug|Any CPU.Build.0 = Debug|Any CPU
		{9C275AC4-D269-48BA-BDFD-95C32020B1DD}.Release|Any CPU.ActiveCfg = Release|Any CPU
		{9C275AC4-D269-48BA-BDFD-95C32020B1DD}.Release|Any CPU.Build.0 = Release|Any CPU
	EndGlobalSection
	GlobalSection(SolutionProperties) = preSolution
		HideSolutionNode = FALSE
	EndGlobalSection
	GlobalSection(ExtensibilityGlobals) = postSolution
		SolutionGuid = {D72820C9-20DD-4BC0-A5A8-101BDE4C726E}
	EndGlobalSection
EndGlobal
